
Microsoft Visual Studio Solution File, Format Version 12.00
# Visual Studio 15
Project("{FAE04EC0-301F-11D3-BF4B-00C04F79EFBC}") = "MRTKTest", "MRTKTest.csproj", "{25543B43-497F-C246-0E37-FBA5CD9D6504}"
EndProject
Project("{FAE04EC0-301F-11D3-BF4B-00C04F79EFBC}") = "MRTKTest.Editor", "MRTKTest.Editor.csproj", "{4CD4C37C-D54D-1F5E-4D22-71EE1AB9FA3F}"
EndProject
Global
	GlobalSection(SolutionConfigurationPlatforms) = preSolution
		Debug|Any CPU = Debug|Any CPU
		Release|Any CPU = Release|Any CPU
	EndGlobalSection
	GlobalSection(ProjectConfigurationPlatforms) = postSolution
		{25543B43-497F-C246-0E37-FBA5CD9D6504}.Debug|Any CPU.ActiveCfg = Debug|Any CPU
		{25543B43-497F-C246-0E37-FBA5CD9D6504}.Debug|Any CPU.Build.0 = Debug|Any CPU
		{25543B43-497F-C246-0E37-FBA5CD9D6504}.Release|Any CPU.ActiveCfg = Release|Any CPU
		{25543B43-497F-C246-0E37-FBA5CD9D6504}.Release|Any CPU.Build.0 = Release|Any CPU
		{4CD4C37C-D54D-1F5E-4D22-71EE1AB9FA3F}.Debug|Any CPU.ActiveCfg = Debug|Any CPU
		{4CD4C37C-D54D-1F5E-4D22-71EE1AB9FA3F}.Debug|Any CPU.Build.0 = Debug|Any CPU
		{4CD4C37C-D54D-1F5E-4D22-71EE1AB9FA3F}.Release|Any CPU.ActiveCfg = Release|Any CPU
		{4CD4C37C-D54D-1F5E-4D22-71EE1AB9FA3F}.Release|Any CPU.Build.0 = Release|Any CPU
	EndGlobalSection
	GlobalSection(SolutionProperties) = preSolution
		HideSolutionNode = FALSE
	EndGlobalSection
EndGlobal
